
Microsoft Visual Studio Solution File, Format Version 12.00
# Visual Studio Version 17
VisualStudioVersion = 17.13.35919.96 d17.13
MinimumVisualStudioVersion = 10.0.40219.1
Project("{FAE04EC0-301F-11D3-BF4B-00C04F79EFBC}") = "RevupAPI", "RevupAPI\RevupAPI.csproj", "{E1A315DD-EE13-46BB-A4F6-3CE04137E55F}"
EndProject
Global
	GlobalSection(SolutionConfigurationPlatforms) = preSolution
		Debug|Any CPU = Debug|Any CPU
		Release|Any CPU = Release|Any CPU
	EndGlobalSection
	GlobalSection(ProjectConfigurationPlatforms) = postSolution
		{E1A315DD-EE13-46BB-A4F6-3CE04137E55F}.Debug|Any CPU.ActiveCfg = Debug|Any CPU
		{E1A315DD-EE13-46BB-A4F6-3CE04137E55F}.Debug|Any CPU.Build.0 = Debug|Any CPU
		{E1A315DD-EE13-46BB-A4F6-3CE04137E55F}.Release|Any CPU.ActiveCfg = Release|Any CPU
		{E1A315DD-EE13-46BB-A4F6-3CE04137E55F}.Release|Any CPU.Build.0 = Release|Any CPU
	EndGlobalSection
	GlobalSection(SolutionProperties) = preSolution
		HideSolutionNode = FALSE
	EndGlobalSection
	GlobalSection(ExtensibilityGlobals) = postSolution
		SolutionGuid = {EA695A39-542A-4422-B227-7F2245F414B4}
	EndGlobalSection
EndGlobal
